# This file is auto-generated by dylang. Do not edit.

[deps.argon2]
hex = "argon2"
version = "1.2.0"
checksum = "76ae94bee3eee9a34079e92993c9fb3f49fbd9976680452cc84d0335244911a3"

[deps.base64url]
hex = "base64url"
version = "1.0.1"
checksum = "f9b3add4731a02a9b0410398b475b33e7566a695365237a6bdee1bb447719f5c"
